// !$*UTF8*$!
{
	archiveVersion = 1;
	classes = {
	};
	objectVersion = 46;
	objects = {

/* Begin PBXBuildFile section */
		4C126D4219D0947F0006119D /* AppDelegate.swift in Sources */ = {isa = PBXBuildFile; fileRef = 4C126D4119D0947F0006119D /* AppDelegate.swift */; };
		4C126D4419D0947F0006119D /* ViewController.swift in Sources */ = {isa = PBXBuildFile; fileRef = 4C126D4319D0947F0006119D /* ViewController.swift */; };
		4C126D4719D0947F0006119D /* Main.storyboard in Resources */ = {isa = PBXBuildFile; fileRef = 4C126D4519D0947F0006119D /* Main.storyboard */; };
		4C126D4919D0947F0006119D /* Images.xcassets in Resources */ = {isa = PBXBuildFile; fileRef = 4C126D4819D0947F0006119D /* Images.xcassets */; };
		4C126D4C19D0947F0006119D /* LaunchScreen.xib in Resources */ = {isa = PBXBuildFile; fileRef = 4C126D4A19D0947F0006119D /* LaunchScreen.xib */; };
		4C126D5819D0947F0006119D /* PostcardTests.swift in Sources */ = {isa = PBXBuildFile; fileRef = 4C126D5719D0947F0006119D /* PostcardTests.swift */; };
/* End PBXBuildFile section */

/* Begin PBXContainerItemProxy section */
		4C126D5219D0947F0006119D /* PBXContainerItemProxy */ = {
			isa = PBXContainerItemProxy;
			containerPortal = 4C126D3419D0947F0006119D /* Project object */;
			proxyType = 1;
			remoteGlobalIDString = 4C126D3B19D0947F0006119D;
			remoteInfo = Postcard;
		};
/* End PBXContainerItemProxy section */

/* Begin PBXFileReference section */
		4C126D3C19D0947F0006119D /* Postcard.app */ = {isa = PBXFileReference; explicitFileType = wrapper.application; includeInIndex = 0; path = Postcard.app; sourceTree = BUILT_PRODUCTS_DIR; };
		4C126D4019D0947F0006119D /* Info.plist */ = {isa = PBXFileReference; lastKnownFileType = text.plist.xml; path = Info.plist; sourceTree = "<group>"; };
		4C126D4119D0947F0006119D /* AppDelegate.swift */ = {isa = PBXFileReference; lastKnownFileType = sourcecode.swift; path = AppDelegate.swift; sourceTree = "<group>"; };
		4C126D4319D0947F0006119D /* ViewController.swift */ = {isa = PBXFileReference; lastKnownFileType = sourcecode.swift; path = ViewController.swift; sourceTree = "<group>"; };
		4C126D4619D0947F0006119D /* Base */ = {isa = PBXFileReference; lastKnownFileType = file.storyboard; name = Base; path = Base.lproj/Main.storyboard; sourceTree = "<group>"; };
		4C126D4819D0947F0006119D /* Images.xcassets */ = {isa = PBXFileReference; lastKnownFileType = folder.assetcatalog; path = Images.xcassets; sourceTree = "<group>"; };
		4C126D4B19D0947F0006119D /* Base */ = {isa = PBXFileReference; lastKnownFileType = file.xib; name = Base; path = Base.lproj/LaunchScreen.xib; sourceTree = "<group>"; };
		4C126D5119D0947F0006119D /* PostcardTests.xctest */ = {isa = PBXFileReference; explicitFileType = wrapper.cfbundle; includeInIndex = 0; path = PostcardTests.xctest; sourceTree = BUILT_PRODUCTS_DIR; };
		4C126D5619D0947F0006119D /* Info.plist */ = {isa = PBXFileReference; lastKnownFileType = text.plist.xml; path = Info.plist; sourceTree = "<group>"; };
		4C126D5719D0947F0006119D /* PostcardTests.swift */ = {isa = PBXFileReference; lastKnownFileType = sourcecode.swift; path = PostcardTests.swift; sourceTree = "<group>"; };
/* End PBXFileReference section */

/* Begin PBXFrameworksBuildPhase section */
		4C126D3919D0947F0006119D /* Frameworks */ = {
			isa = PBXFrameworksBuildPhase;
			buildActionMask = 2147483647;
			files = (
			);
			runOnlyForDeploymentPostprocessing = 0;
		};
		4C126D4E19D0947F0006119D /* Frameworks */ = {
			isa = PBXFrameworksBuildPhase;
			buildActionMask = 2147483647;
			files = (
			);
			runOnlyForDeploymentPostprocessing = 0;
		};
/* End PBXFrameworksBuildPhase section */

/* Begin PBXGroup section */
		4C126D3319D0947F0006119D = {
			isa = PBXGroup;
			children = (
				4C126D3E19D0947F0006119D /* Postcard */,
				4C126D5419D0947F0006119D /* PostcardTests */,
				4C126D3D19D0947F0006119D /* Products */,
			);
			sourceTree = "<group>";
		};
		4C126D3D19D0947F0006119D /* Products */ = {
			isa = PBXGroup;
			children = (
				4C126D3C19D0947F0006119D /* Postcard.app */,
				4C126D5119D0947F0006119D /* PostcardTests.xctest */,
			);
			name = Products;
			sourceTree = "<group>";
		};
		4C126D3E19D0947F0006119D /* Postcard */ = {
			isa = PBXGroup;
			children = (
				4C126D4119D0947F0006119D /* AppDelegate.swift */,
				4C126D4319D0947F0006119D /* ViewController.swift */,
				4C126D4519D0947F0006119D /* Main.storyboard */,
				4C126D4819D0947F0006119D /* Images.xcassets */,
				4C126D4A19D0947F0006119D /* LaunchScreen.xib */,
				4C126D3F19D0947F0006119D /* Supporting Files */,
			);
			path = Postcard;
			sourceTree = "<group>";
		};
		4C126D3F19D0947F0006119D /* Supporting Files */ = {
			isa = PBXGroup;
			children = (
				4C126D4019D0947F0006119D /* Info.plist */,
			);
			name = "Supporting Files";
			sourceTree = "<group>";
		};
		4C126D5419D0947F0006119D /* PostcardTests */ = {
			isa = PBXGroup;
			children = (
				4C126D5719D0947F0006119D /* PostcardTests.swift */,
				4C126D5519D0947F0006119D /* Supporting Files */,
			);
			path = PostcardTests;
			sourceTree = "<group>";
		};
		4C126D5519D0947F0006119D /* Supporting Files */ = {
			isa = PBXGroup;
			children = (
				4C126D5619D0947F0006119D /* Info.plist */,
			);
			name = "Supporting Files";
			sourceTree = "<group>";
		};
/* End PBXGroup section */

/* Begin PBXNativeTarget section */
		4C126D3B19D0947F0006119D /* Postcard */ = {
			isa = PBXNativeTarget;
			buildConfigurationList = 4C126D5B19D0947F0006119D /* Build configuration list for PBXNativeTarget "Postcard" */;
			buildPhases = (
				4C126D3819D0947F0006119D /* Sources */,
				4C126D3919D0947F0006119D /* Frameworks */,
				4C126D3A19D0947F0006119D /* Resources */,
			);
			buildRules = (
			);
			dependencies = (
			);
			name = Postcard;
			productName = Postcard;
			productReference = 4C126D3C19D0947F0006119D /* Postcard.app */;
			productType = "com.apple.product-type.application";
		};
		4C126D5019D0947F0006119D /* PostcardTests */ = {
			isa = PBXNativeTarget;
			buildConfigurationList = 4C126D5E19D0947F0006119D /* Build configuration list for PBXNativeTarget "PostcardTests" */;
			buildPhases = (
				4C126D4D19D0947F0006119D /* Sources */,
				4C126D4E19D0947F0006119D /* Frameworks */,
				4C126D4F19D0947F0006119D /* Resources */,
			);
			buildRules = (
			);
			dependencies = (
				4C126D5319D0947F0006119D /* PBXTargetDependency */,
			);
			name = PostcardTests;
			productName = PostcardTests;
			productReference = 4C126D5119D0947F0006119D /* PostcardTests.xctest */;
			productType = "com.apple.product-type.bundle.unit-test";
		};
/* End PBXNativeTarget section */

/* Begin PBXProject section */
		4C126D3419D0947F0006119D /* Project object */ = {
			isa = PBXProject;
			attributes = {
				LastUpgradeCheck = 0610;
				ORGANIZATIONNAME = "Mark Bradley";
				TargetAttributes = {
					4C126D3B19D0947F0006119D = {
						CreatedOnToolsVersion = 6.1;
					};
					4C126D5019D0947F0006119D = {
						CreatedOnToolsVersion = 6.1;
						TestTargetID = 4C126D3B19D0947F0006119D;
					};
				};
			};
			buildConfigurationList = 4C126D3719D0947F0006119D /* Build configuration list for PBXProject "Postcard" */;
			compatibilityVersion = "Xcode 3.2";
			developmentRegion = English;
			hasScannedForEncodings = 0;
			knownRegions = (
				en,
				Base,
			);
			mainGroup = 4C126D3319D0947F0006119D;
			productRefGroup = 4C126D3D19D0947F0006119D /* Products */;
			projectDirPath = "";
			projectRoot = "";
			targets = (
				4C126D3B19D0947F0006119D /* Postcard */,
				4C126D5019D0947F0006119D /* PostcardTests */,
			);
		};
/* End PBXProject section */

/* Begin PBXResourcesBuildPhase section */
		4C126D3A19D0947F0006119D /* Resources */ = {
			isa = PBXResourcesBuildPhase;
			buildActionMask = 2147483647;
			files = (
				4C126D4719D0947F0006119D /* Main.storyboard in Resources */,
				4C126D4C19D0947F0006119D /* LaunchScreen.xib in Resources */,
				4C126D4919D0947F0006119D /* Images.xcassets in Resources */,
			);
			runOnlyForDeploymentPostprocessing = 0;
		};
		4C126D4F19D0947F0006119D /* Resources */ = {
			isa = PBXResourcesBuildPhase;
			buildActionMask = 2147483647;
			files = (
			);
			runOnlyForDeploymentPostprocessing = 0;
		};
/* End PBXResourcesBuildPhase section */

/* Begin PBXSourcesBuildPhase section */
		4C126D3819D0947F0006119D /* Sources */ = {
			isa = PBXSourcesBuildPhase;
			buildActionMask = 2147483647;
			files = (
				4C126D4419D0947F0006119D /* ViewController.swift in Sources */,
				4C126D4219D0947F0006119D /* AppDelegate.swift in Sources */,
			);
			runOnlyForDeploymentPostprocessing = 0;
		};
		4C126D4D19D0947F0006119D /* Sources */ = {
			isa = PBXSourcesBuildPhase;
			buildActionMask = 2147483647;
			files = (
				4C126D5819D0947F0006119D /* PostcardTests.swift in Sources */,
			);
			runOnlyForDeploymentPostprocessing = 0;
		};
/* End PBXSourcesBuildPhase section */

/* Begin PBXTargetDependency section */
		4C126D5319D0947F0006119D /* PBXTargetDependency */ = {
			isa = PBXTargetDependency;
			target = 4C126D3B19D0947F0006119D /* Postcard */;
			targetProxy = 4C126D5219D0947F0006119D /* PBXContainerItemProxy */;
		};
/* End PBXTargetDependency section */

/* Begin PBXVariantGroup section */
		4C126D4519D0947F0006119D /* Main.storyboard */ = {
			isa = PBXVariantGroup;
			children = (
				4C126D4619D0947F0006119D /* Base */,
			);
			name = Main.storyboard;
			sourceTree = "<group>";
		};
		4C126D4A19D0947F0006119D /* LaunchScreen.xib */ = {
			isa = PBXVariantGroup;
			children = (
				4C126D4B19D0947F0006119D /* Base */,
			);
			name = LaunchScreen.xib;
			sourceTree = "<group>";
		};
/* End PBXVariantGroup section */

/* Begin XCBuildConfiguration section */
		4C126D5919D0947F0006119D /* Debug */ = {
			isa = XCBuildConfiguration;
			buildSettings = {
				ALWAYS_SEARCH_USER_PATHS = NO;
				CLANG_CXX_LANGUAGE_STANDARD = "gnu++0x";
				CLANG_CXX_LIBRARY = "libc++";
				CLANG_ENABLE_MODULES = YES;
				CLANG_ENABLE_OBJC_ARC = YES;
				CLANG_WARN_BOOL_CONVERSION = YES;
				CLANG_WARN_CONSTANT_CONVERSION = YES;
				CLANG_WARN_DIRECT_OBJC_ISA_USAGE = YES_ERROR;
				CLANG_WARN_EMPTY_BODY = YES;
				CLANG_WARN_ENUM_CONVERSION = YES;
				CLANG_WARN_INT_CONVERSION = YES;
				CLANG_WARN_OBJC_ROOT_CLASS = YES_ERROR;
				CLANG_WARN_UNREACHABLE_CODE = YES;
				CLANG_WARN__DUPLICATE_METHOD_MATCH = YES;
				"CODE_SIGN_IDENTITY[sdk=iphoneos*]" = "iPhone Developer";
				COPY_PHASE_STRIP = NO;
				ENABLE_STRICT_OBJC_MSGSEND = YES;
				GCC_C_LANGUAGE_STANDARD = gnu99;
				GCC_DYNAMIC_NO_PIC = NO;
				GCC_OPTIMIZATION_LEVEL = 0;
				GCC_PREPROCESSOR_DEFINITIONS = (
					"DEBUG=1",
					"$(inherited)",
				);
				GCC_SYMBOLS_PRIVATE_EXTERN = NO;
				GCC_WARN_64_TO_32_BIT_CONVERSION = YES;
				GCC_WARN_ABOUT_RETURN_TYPE = YES_ERROR;
				GCC_WARN_UNDECLARED_SELECTOR = YES;
				GCC_WARN_UNINITIALIZED_AUTOS = YES_AGGRESSIVE;
				GCC_WARN_UNUSED_FUNCTION = YES;
				GCC_WARN_UNUSED_VARIABLE = YES;
				IPHONEOS_DEPLOYMENT_TARGET = 8.0;
				MTL_ENABLE_DEBUG_INFO = YES;
				ONLY_ACTIVE_ARCH = YES;
				SDKROOT = iphoneos;
				SWIFT_OPTIMIZATION_LEVEL = "-Onone";
			};
			name = Debug;
		};
		4C126D5A19D0947F0006119D /* Release */ = {
			isa = XCBuildConfiguration;
			buildSettings = {
				ALWAYS_SEARCH_USER_PATHS = NO;
				CLANG_CXX_LANGUAGE_STANDARD = "gnu++0x";
				CLANG_CXX_LIBRARY = "libc++";
				CLANG_ENABLE_MODULES = YES;
				CLANG_ENABLE_OBJC_ARC = YES;
				CLANG_WARN_BOOL_CONVERSION = YES;
				CLANG_WARN_CONSTANT_CONVERSION = YES;
				CLANG_WARN_DIRECT_OBJC_ISA_USAGE = YES_ERROR;
				CLANG_WARN_EMPTY_BODY = YES;
				CLANG_WARN_ENUM_CONVERSION = YES;
				CLANG_WARN_INT_CONVERSION = YES;
				CLANG_WARN_OBJC_ROOT_CLASS = YES_ERROR;
				CLANG_WARN_UNREACHABLE_CODE = YES;
				CLANG_WARN__DUPLICATE_METHOD_MATCH = YES;
				"CODE_SIGN_IDENTITY[sdk=iphoneos*]" = "iPhone Developer";
				COPY_PHASE_STRIP = YES;
				ENABLE_NS_ASSERTIONS = NO;
				ENABLE_STRICT_OBJC_MSGSEND = YES;
				GCC_C_LANGUAGE_STANDARD = gnu99;
				GCC_WARN_64_TO_32_BIT_CONVERSION = YES;
				GCC_WARN_ABOUT_RETURN_TYPE = YES_ERROR;
				GCC_WARN_UNDECLARED_SELECTOR = YES;
				GCC_WARN_UNINITIALIZED_AUTOS = YES_AGGRESSIVE;
				GCC_WARN_UNUSED_FUNCTION = YES;
				GCC_WARN_UNUSED_VARIABLE = YES;
				IPHONEOS_DEPLOYMENT_TARGET = 8.0;
				MTL_ENABLE_DEBUG_INFO = NO;
				SDKROOT = iphoneos;
				VALIDATE_PRODUCT = YES;
			};
			name = Release;
		};
		4C126D5C19D0947F0006119D /* Debug */ = {
			isa = XCBuildConfiguration;
			buildSettings = {
				ASSETCATALOG_COMPILER_APPICON_NAME = AppIcon;
				INFOPLIST_FILE = Postcard/Info.plist;
				LD_RUNPATH_SEARCH_PATHS = "$(inherited) @executable_path/Frameworks";
				PRODUCT_NAME = "$(TARGET_NAME)";
			};
			name = Debug;
		};
		4C126D5D19D0947F0006119D /* Release */ = {
			isa = XCBuildConfiguration;
			buildSettings = {
				ASSETCATALOG_COMPILER_APPICON_NAME = AppIcon;
				INFOPLIST_FILE = Postcard/Info.plist;
				LD_RUNPATH_SEARCH_PATHS = "$(inherited) @executable_path/Frameworks";
				PRODUCT_NAME = "$(TARGET_NAME)";
			};
			name = Release;
		};
		4C126D5F19D0947F0006119D /* Debug */ = {
			isa = XCBuildConfiguration;
			buildSettings = {
				BUNDLE_LOADER = "$(TEST_HOST)";
				FRAMEWORK_SEARCH_PATHS = (
					"$(SDKROOT)/Developer/Library/Frameworks",
					"$(inherited)",
				);
				GCC_PREPROCESSOR_DEFINITIONS = (
					"DEBUG=1",
					"$(inherited)",
				);
				INFOPLIST_FILE = PostcardTests/Info.plist;
				LD_RUNPATH_SEARCH_PATHS = "$(inherited) @executable_path/Frameworks @loader_path/Frameworks";
				PRODUCT_NAME = "$(TARGET_NAME)";
				TEST_HOST = "$(BUILT_PRODUCTS_DIR)/Postcard.app/Postcard";
			};
			name = Debug;
		};
		4C126D6019D0947F0006119D /* Release */ = {
			isa = XCBuildConfiguration;
			buildSettings = {
				BUNDLE_LOADER = "$(TEST_HOST)";
				FRAMEWORK_SEARCH_PATHS = (
					"$(SDKROOT)/Developer/Library/Frameworks",
					"$(inherited)",
				);
				INFOPLIST_FILE = PostcardTests/Info.plist;
				LD_RUNPATH_SEARCH_PATHS = "$(inherited) @executable_path/Frameworks @loader_path/Frameworks";
				PRODUCT_NAME = "$(TARGET_NAME)";
				TEST_HOST = "$(BUILT_PRODUCTS_DIR)/Postcard.app/Postcard";
			};
			name = Release;
		};
/* End XCBuildConfiguration section */

/* Begin XCConfigurationList section */
		4C126D3719D0947F0006119D /* Build configuration list for PBXProject "Postcard" */ = {
			isa = XCConfigurationList;
			buildConfigurations = (
				4C126D5919D0947F0006119D /* Debug */,
				4C126D5A19D0947F0006119D /* Release */,
			);
			defaultConfigurationIsVisible = 0;
			defaultConfigurationName = Release;
		};
		4C126D5B19D0947F0006119D /* Build configuration list for PBXNativeTarget "Postcard" */ = {
			isa = XCConfigurationList;
			buildConfigurations = (
				4C126D5C19D0947F0006119D /* Debug */,
				4C126D5D19D0947F0006119D /* Release */,
			);
			defaultConfigurationIsVisible = 0;
		};
		4C126D5E19D0947F0006119D /* Build configuration list for PBXNativeTarget "PostcardTests" */ = {
			isa = XCConfigurationList;
			buildConfigurations = (
				4C126D5F19D0947F0006119D /* Debug */,
				4C126D6019D0947F0006119D /* Release */,
			);
			defaultConfigurationIsVisible = 0;
		};
/* End XCConfigurationList section */
	};
	rootObject = 4C126D3419D0947F0006119D /* Project object */;
}
